
Microsoft Visual Studio Solution File, Format Version 12.00
# Visual Studio 15
VisualStudioVersion = 15.0.27428.2011
MinimumVisualStudioVersion = 10.0.40219.1
Project("{9A19103F-16F7-4668-BE54-9A1E7A4F7556}") = "Godsend", "Godsend\Godsend.csproj", "{4B4CDCAD-3BAF-4BFD-86B8-97A700BB4AD5}"
EndProject
Project("{9A19103F-16F7-4668-BE54-9A1E7A4F7556}") = "Client", "Client\Client.csproj", "{2344DD10-0B5E-4282-9053-25637E7A5C48}"
EndProject
Project("{FAE04EC0-301F-11D3-BF4B-00C04F79EFBC}") = "MobileClient.Android", "MobileClient\MobileClient.Android\MobileClient.Android.csproj", "{30F2E54F-209A-4B96-8696-3C9C98640BF2}"
EndProject
Project("{FAE04EC0-301F-11D3-BF4B-00C04F79EFBC}") = "MobileClient.iOS", "MobileClient\MobileClient.iOS\MobileClient.iOS.csproj", "{F9D64CCE-0144-4EE9-8C63-ED3B11B2FADB}"
EndProject
Project("{D954291E-2A0B-460D-934E-DC6B0785DB48}") = "MobileClient", "MobileClient\MobileClient\MobileClient.shproj", "{C46F9FD6-3756-4BA5-B294-5F359991EB2C}"
EndProject
Project("{D954291E-2A0B-460D-934E-DC6B0785DB48}") = "SharedProject", "SharedProject\SharedProject.shproj", "{3DED1FE0-3273-454A-96FB-D86441932A1C}"
EndProject
Global
	GlobalSection(SharedMSBuildProjectFiles) = preSolution
		MobileClient\MobileClient\MobileClient.projitems*{30f2e54f-209a-4b96-8696-3c9c98640bf2}*SharedItemsImports = 4
		SharedProject\SharedProject.projitems*{30f2e54f-209a-4b96-8696-3c9c98640bf2}*SharedItemsImports = 4
		SharedProject\SharedProject.projitems*{3ded1fe0-3273-454a-96fb-d86441932a1c}*SharedItemsImports = 13
		MobileClient\MobileClient\MobileClient.projitems*{c46f9fd6-3756-4ba5-b294-5f359991eb2c}*SharedItemsImports = 13
		MobileClient\MobileClient\MobileClient.projitems*{f9d64cce-0144-4ee9-8c63-ed3b11b2fadb}*SharedItemsImports = 4
		SharedProject\SharedProject.projitems*{f9d64cce-0144-4ee9-8c63-ed3b11b2fadb}*SharedItemsImports = 4
	EndGlobalSection
	GlobalSection(SolutionConfigurationPlatforms) = preSolution
		Ad-Hoc|Any CPU = Ad-Hoc|Any CPU
		Ad-Hoc|iPhone = Ad-Hoc|iPhone
		Ad-Hoc|iPhoneSimulator = Ad-Hoc|iPhoneSimulator
		AppStore|Any CPU = AppStore|Any CPU
		AppStore|iPhone = AppStore|iPhone
		AppStore|iPhoneSimulator = AppStore|iPhoneSimulator
		Debug|Any CPU = Debug|Any CPU
		Debug|iPhone = Debug|iPhone
		Debug|iPhoneSimulator = Debug|iPhoneSimulator
		Release|Any CPU = Release|Any CPU
		Release|iPhone = Release|iPhone
		Release|iPhoneSimulator = Release|iPhoneSimulator
	EndGlobalSection
	GlobalSection(ProjectConfigurationPlatforms) = postSolution
		{4B4CDCAD-3BAF-4BFD-86B8-97A700BB4AD5}.Ad-Hoc|Any CPU.ActiveCfg = Release|Any CPU
		{4B4CDCAD-3BAF-4BFD-86B8-97A700BB4AD5}.Ad-Hoc|Any CPU.Build.0 = Release|Any CPU
		{4B4CDCAD-3BAF-4BFD-86B8-97A700BB4AD5}.Ad-Hoc|iPhone.ActiveCfg = Release|Any CPU
		{4B4CDCAD-3BAF-4BFD-86B8-97A700BB4AD5}.Ad-Hoc|iPhone.Build.0 = Release|Any CPU
		{4B4CDCAD-3BAF-4BFD-86B8-97A700BB4AD5}.Ad-Hoc|iPhoneSimulator.ActiveCfg = Release|Any CPU
		{4B4CDCAD-3BAF-4BFD-86B8-97A700BB4AD5}.Ad-Hoc|iPhoneSimulator.Build.0 = Release|Any CPU
		{4B4CDCAD-3BAF-4BFD-86B8-97A700BB4AD5}.AppStore|Any CPU.ActiveCfg = Release|Any CPU
		{4B4CDCAD-3BAF-4BFD-86B8-97A700BB4AD5}.AppStore|Any CPU.Build.0 = Release|Any CPU
		{4B4CDCAD-3BAF-4BFD-86B8-97A700BB4AD5}.AppStore|iPhone.ActiveCfg = Release|Any CPU
		{4B4CDCAD-3BAF-4BFD-86B8-97A700BB4AD5}.AppStore|iPhone.Build.0 = Release|Any CPU
		{4B4CDCAD-3BAF-4BFD-86B8-97A700BB4AD5}.AppStore|iPhoneSimulator.ActiveCfg = Release|Any CPU
		{4B4CDCAD-3BAF-4BFD-86B8-97A700BB4AD5}.AppStore|iPhoneSimulator.Build.0 = Release|Any CPU
		{4B4CDCAD-3BAF-4BFD-86B8-97A700BB4AD5}.Debug|Any CPU.ActiveCfg = Debug|Any CPU
		{4B4CDCAD-3BAF-4BFD-86B8-97A700BB4AD5}.Debug|Any CPU.Build.0 = Debug|Any CPU
		{4B4CDCAD-3BAF-4BFD-86B8-97A700BB4AD5}.Debug|iPhone.ActiveCfg = Debug|Any CPU
		{4B4CDCAD-3BAF-4BFD-86B8-97A700BB4AD5}.Debug|iPhone.Build.0 = Debug|Any CPU
		{4B4CDCAD-3BAF-4BFD-86B8-97A700BB4AD5}.Debug|iPhoneSimulator.ActiveCfg = Debug|Any CPU
		{4B4CDCAD-3BAF-4BFD-86B8-97A700BB4AD5}.Debug|iPhoneSimulator.Build.0 = Debug|Any CPU
		{4B4CDCAD-3BAF-4BFD-86B8-97A700BB4AD5}.Release|Any CPU.ActiveCfg = Release|Any CPU
		{4B4CDCAD-3BAF-4BFD-86B8-97A700BB4AD5}.Release|Any CPU.Build.0 = Release|Any CPU
		{4B4CDCAD-3BAF-4BFD-86B8-97A700BB4AD5}.Release|iPhone.ActiveCfg = Release|Any CPU
		{4B4CDCAD-3BAF-4BFD-86B8-97A700BB4AD5}.Release|iPhone.Build.0 = Release|Any CPU
		{4B4CDCAD-3BAF-4BFD-86B8-97A700BB4AD5}.Release|iPhoneSimulator.ActiveCfg = Release|Any CPU
		{4B4CDCAD-3BAF-4BFD-86B8-97A700BB4AD5}.Release|iPhoneSimulator.Build.0 = Release|Any CPU
		{2344DD10-0B5E-4282-9053-25637E7A5C48}.Ad-Hoc|Any CPU.ActiveCfg = Release|Any CPU
		{2344DD10-0B5E-4282-9053-25637E7A5C48}.Ad-Hoc|Any CPU.Build.0 = Release|Any CPU
		{2344DD10-0B5E-4282-9053-25637E7A5C48}.Ad-Hoc|iPhone.ActiveCfg = Release|Any CPU
		{2344DD10-0B5E-4282-9053-25637E7A5C48}.Ad-Hoc|iPhone.Build.0 = Release|Any CPU
		{2344DD10-0B5E-4282-9053-25637E7A5C48}.Ad-Hoc|iPhoneSimulator.ActiveCfg = Release|Any CPU
		{2344DD10-0B5E-4282-9053-25637E7A5C48}.Ad-Hoc|iPhoneSimulator.Build.0 = Release|Any CPU
		{2344DD10-0B5E-4282-9053-25637E7A5C48}.AppStore|Any CPU.ActiveCfg = Release|Any CPU
		{2344DD10-0B5E-4282-9053-25637E7A5C48}.AppStore|Any CPU.Build.0 = Release|Any CPU
		{2344DD10-0B5E-4282-9053-25637E7A5C48}.AppStore|iPhone.ActiveCfg = Release|Any CPU
		{2344DD10-0B5E-4282-9053-25637E7A5C48}.AppStore|iPhone.Build.0 = Release|Any CPU
		{2344DD10-0B5E-4282-9053-25637E7A5C48}.AppStore|iPhoneSimulator.ActiveCfg = Release|Any CPU
		{2344DD10-0B5E-4282-9053-25637E7A5C48}.AppStore|iPhoneSimulator.Build.0 = Release|Any CPU
		{2344DD10-0B5E-4282-9053-25637E7A5C48}.Debug|Any CPU.ActiveCfg = Debug|Any CPU
		{2344DD10-0B5E-4282-9053-25637E7A5C48}.Debug|iPhone.ActiveCfg = Debug|Any CPU
		{2344DD10-0B5E-4282-9053-25637E7A5C48}.Debug|iPhone.Build.0 = Debug|Any CPU
		{2344DD10-0B5E-4282-9053-25637E7A5C48}.Debug|iPhoneSimulator.ActiveCfg = Debug|Any CPU
		{2344DD10-0B5E-4282-9053-25637E7A5C48}.Debug|iPhoneSimulator.Build.0 = Debug|Any CPU
		{2344DD10-0B5E-4282-9053-25637E7A5C48}.Release|Any CPU.ActiveCfg = Release|Any CPU
		{2344DD10-0B5E-4282-9053-25637E7A5C48}.Release|Any CPU.Build.0 = Release|Any CPU
		{2344DD10-0B5E-4282-9053-25637E7A5C48}.Release|iPhone.ActiveCfg = Release|Any CPU
		{2344DD10-0B5E-4282-9053-25637E7A5C48}.Release|iPhone.Build.0 = Release|Any CPU
		{2344DD10-0B5E-4282-9053-25637E7A5C48}.Release|iPhoneSimulator.ActiveCfg = Release|Any CPU
		{2344DD10-0B5E-4282-9053-25637E7A5C48}.Release|iPhoneSimulator.Build.0 = Release|Any CPU
		{30F2E54F-209A-4B96-8696-3C9C98640BF2}.Ad-Hoc|Any CPU.ActiveCfg = Release|Any CPU
		{30F2E54F-209A-4B96-8696-3C9C98640BF2}.Ad-Hoc|Any CPU.Build.0 = Release|Any CPU
		{30F2E54F-209A-4B96-8696-3C9C98640BF2}.Ad-Hoc|Any CPU.Deploy.0 = Release|Any CPU
		{30F2E54F-209A-4B96-8696-3C9C98640BF2}.Ad-Hoc|iPhone.ActiveCfg = Release|Any CPU
		{30F2E54F-209A-4B96-8696-3C9C98640BF2}.Ad-Hoc|iPhone.Build.0 = Release|Any CPU
		{30F2E54F-209A-4B96-8696-3C9C98640BF2}.Ad-Hoc|iPhone.Deploy.0 = Release|Any CPU
		{30F2E54F-209A-4B96-8696-3C9C98640BF2}.Ad-Hoc|iPhoneSimulator.ActiveCfg = Release|Any CPU
		{30F2E54F-209A-4B96-8696-3C9C98640BF2}.Ad-Hoc|iPhoneSimulator.Build.0 = Release|Any CPU
		{30F2E54F-209A-4B96-8696-3C9C98640BF2}.Ad-Hoc|iPhoneSimulator.Deploy.0 = Release|Any CPU
		{30F2E54F-209A-4B96-8696-3C9C98640BF2}.AppStore|Any CPU.ActiveCfg = Release|Any CPU
		{30F2E54F-209A-4B96-8696-3C9C98640BF2}.AppStore|Any CPU.Build.0 = Release|Any CPU
		{30F2E54F-209A-4B96-8696-3C9C98640BF2}.AppStore|Any CPU.Deploy.0 = Release|Any CPU
		{30F2E54F-209A-4B96-8696-3C9C98640BF2}.AppStore|iPhone.ActiveCfg = Release|Any CPU
		{30F2E54F-209A-4B96-8696-3C9C98640BF2}.AppStore|iPhone.Build.0 = Release|Any CPU
		{30F2E54F-209A-4B96-8696-3C9C98640BF2}.AppStore|iPhone.Deploy.0 = Release|Any CPU
		{30F2E54F-209A-4B96-8696-3C9C98640BF2}.AppStore|iPhoneSimulator.ActiveCfg = Release|Any CPU
		{30F2E54F-209A-4B96-8696-3C9C98640BF2}.AppStore|iPhoneSimulator.Build.0 = Release|Any CPU
		{30F2E54F-209A-4B96-8696-3C9C98640BF2}.AppStore|iPhoneSimulator.Deploy.0 = Release|Any CPU
		{30F2E54F-209A-4B96-8696-3C9C98640BF2}.Debug|Any CPU.ActiveCfg = Debug|Any CPU
		{30F2E54F-209A-4B96-8696-3C9C98640BF2}.Debug|Any CPU.Build.0 = Debug|Any CPU
		{30F2E54F-209A-4B96-8696-3C9C98640BF2}.Debug|Any CPU.Deploy.0 = Debug|Any CPU
		{30F2E54F-209A-4B96-8696-3C9C98640BF2}.Debug|iPhone.ActiveCfg = Debug|Any CPU
		{30F2E54F-209A-4B96-8696-3C9C98640BF2}.Debug|iPhone.Build.0 = Debug|Any CPU
		{30F2E54F-209A-4B96-8696-3C9C98640BF2}.Debug|iPhone.Deploy.0 = Debug|Any CPU
		{30F2E54F-209A-4B96-8696-3C9C98640BF2}.Debug|iPhoneSimulator.ActiveCfg = Debug|Any CPU
		{30F2E54F-209A-4B96-8696-3C9C98640BF2}.Debug|iPhoneSimulator.Build.0 = Debug|Any CPU
		{30F2E54F-209A-4B96-8696-3C9C98640BF2}.Debug|iPhoneSimulator.Deploy.0 = Debug|Any CPU
		{30F2E54F-209A-4B96-8696-3C9C98640BF2}.Release|Any CPU.ActiveCfg = Release|Any CPU
		{30F2E54F-209A-4B96-8696-3C9C98640BF2}.Release|Any CPU.Build.0 = Release|Any CPU
		{30F2E54F-209A-4B96-8696-3C9C98640BF2}.Release|Any CPU.Deploy.0 = Release|Any CPU
		{30F2E54F-209A-4B96-8696-3C9C98640BF2}.Release|iPhone.ActiveCfg = Release|Any CPU
		{30F2E54F-209A-4B96-8696-3C9C98640BF2}.Release|iPhone.Build.0 = Release|Any CPU
		{30F2E54F-209A-4B96-8696-3C9C98640BF2}.Release|iPhone.Deploy.0 = Release|Any CPU
		{30F2E54F-209A-4B96-8696-3C9C98640BF2}.Release|iPhoneSimulator.ActiveCfg = Release|Any CPU
		{30F2E54F-209A-4B96-8696-3C9C98640BF2}.Release|iPhoneSimulator.Build.0 = Release|Any CPU
		{30F2E54F-209A-4B96-8696-3C9C98640BF2}.Release|iPhoneSimulator.Deploy.0 = Release|Any CPU
		{F9D64CCE-0144-4EE9-8C63-ED3B11B2FADB}.Ad-Hoc|Any CPU.ActiveCfg = Ad-Hoc|iPhone
		{F9D64CCE-0144-4EE9-8C63-ED3B11B2FADB}.Ad-Hoc|iPhone.ActiveCfg = Ad-Hoc|iPhone
		{F9D64CCE-0144-4EE9-8C63-ED3B11B2FADB}.Ad-Hoc|iPhone.Build.0 = Ad-Hoc|iPhone
		{F9D64CCE-0144-4EE9-8C63-ED3B11B2FADB}.Ad-Hoc|iPhoneSimulator.ActiveCfg = Ad-Hoc|iPhoneSimulator
		{F9D64CCE-0144-4EE9-8C63-ED3B11B2FADB}.Ad-Hoc|iPhoneSimulator.Build.0 = Ad-Hoc|iPhoneSimulator
		{F9D64CCE-0144-4EE9-8C63-ED3B11B2FADB}.AppStore|Any CPU.ActiveCfg = AppStore|iPhone
		{F9D64CCE-0144-4EE9-8C63-ED3B11B2FADB}.AppStore|iPhone.ActiveCfg = AppStore|iPhone
		{F9D64CCE-0144-4EE9-8C63-ED3B11B2FADB}.AppStore|iPhone.Build.0 = AppStore|iPhone
		{F9D64CCE-0144-4EE9-8C63-ED3B11B2FADB}.AppStore|iPhoneSimulator.ActiveCfg = AppStore|iPhoneSimulator
		{F9D64CCE-0144-4EE9-8C63-ED3B11B2FADB}.AppStore|iPhoneSimulator.Build.0 = AppStore|iPhoneSimulator
		{F9D64CCE-0144-4EE9-8C63-ED3B11B2FADB}.Debug|Any CPU.ActiveCfg = Debug|iPhone
		{F9D64CCE-0144-4EE9-8C63-ED3B11B2FADB}.Debug|iPhone.ActiveCfg = Debug|iPhone
		{F9D64CCE-0144-4EE9-8C63-ED3B11B2FADB}.Debug|iPhone.Build.0 = Debug|iPhone
		{F9D64CCE-0144-4EE9-8C63-ED3B11B2FADB}.Debug|iPhoneSimulator.ActiveCfg = Debug|iPhoneSimulator
		{F9D64CCE-0144-4EE9-8C63-ED3B11B2FADB}.Debug|iPhoneSimulator.Build.0 = Debug|iPhoneSimulator
		{F9D64CCE-0144-4EE9-8C63-ED3B11B2FADB}.Release|Any CPU.ActiveCfg = Release|iPhone
		{F9D64CCE-0144-4EE9-8C63-ED3B11B2FADB}.Release|iPhone.ActiveCfg = Release|iPhone
		{F9D64CCE-0144-4EE9-8C63-ED3B11B2FADB}.Release|iPhone.Build.0 = Release|iPhone
		{F9D64CCE-0144-4EE9-8C63-ED3B11B2FADB}.Release|iPhoneSimulator.ActiveCfg = Release|iPhoneSimulator
		{F9D64CCE-0144-4EE9-8C63-ED3B11B2FADB}.Release|iPhoneSimulator.Build.0 = Release|iPhoneSimulator
	EndGlobalSection
	GlobalSection(SolutionProperties) = preSolution
		HideSolutionNode = FALSE
	EndGlobalSection
	GlobalSection(ExtensibilityGlobals) = postSolution
		SolutionGuid = {65107132-59BD-49CE-91CF-E2787B2557C6}
	EndGlobalSection
EndGlobal
