
Microsoft Visual Studio Solution File, Format Version 12.00
# Visual Studio 15
VisualStudioVersion = 15.0.26730.10
MinimumVisualStudioVersion = 10.0.40219.1

Project("{D954291E-2A0B-460D-934E-DC6B0785DB48}") = "MobileClient", "MobileClient\MobileClient\MobileClient.shproj", "{C46F9FD6-3756-4BA5-B294-5F359991EB2C}"
EndProject


Project("{FAE04EC0-301F-11D3-BF4B-00C04F79EFBC}") = "MobileClient.iOS", "MobileClient\MobileClient.iOS\MobileClient.iOS.csproj", "{F9D64CCE-0144-4EE9-8C63-ED3B11B2FADB}"
EndProject

Project("{FAE04EC0-301F-11D3-BF4B-00C04F79EFBC}") = "MobileClient.Android", "MobileClient\MobileClient.Android\MobileClient.Android.csproj", "{30F2E54F-209A-4B96-8696-3C9C98640BF2}"
EndProject



Global
	GlobalSection(SolutionConfigurationPlatforms) = preSolution
		Ad-Hoc|Any CPU = Ad-Hoc|Any CPU
		Ad-Hoc|ARM = Ad-Hoc|ARM
		Ad-Hoc|iPhone = Ad-Hoc|iPhone
		Ad-Hoc|iPhoneSimulator = Ad-Hoc|iPhoneSimulator
		Ad-Hoc|x64 = Ad-Hoc|x64
		Ad-Hoc|x86 = Ad-Hoc|x86
		AppStore|Any CPU = AppStore|Any CPU
		AppStore|ARM = AppStore|ARM
		AppStore|iPhone = AppStore|iPhone
		AppStore|iPhoneSimulator = AppStore|iPhoneSimulator
		AppStore|x64 = AppStore|x64
		AppStore|x86 = AppStore|x86
		Debug|Any CPU = Debug|Any CPU
		Debug|ARM = Debug|ARM
		Debug|iPhone = Debug|iPhone
		Debug|iPhoneSimulator = Debug|iPhoneSimulator
		Debug|x64 = Debug|x64
		Debug|x86 = Debug|x86
		Release|Any CPU = Release|Any CPU
		Release|ARM = Release|ARM
		Release|iPhone = Release|iPhone
		Release|iPhoneSimulator = Release|iPhoneSimulator
		Release|x64 = Release|x64
		Release|x86 = Release|x86
	EndGlobalSection
	GlobalSection(ProjectConfigurationPlatforms) = postSolution
		{61FD89F0-9E4B-4109-907F-5607AB29148D}.Ad-Hoc|Any CPU.ActiveCfg = Debug|Any CPU
		{61FD89F0-9E4B-4109-907F-5607AB29148D}.Ad-Hoc|Any CPU.Build.0 = Debug|Any CPU
		{61FD89F0-9E4B-4109-907F-5607AB29148D}.Ad-Hoc|ARM.ActiveCfg = Debug|Any CPU
		{61FD89F0-9E4B-4109-907F-5607AB29148D}.Ad-Hoc|ARM.Build.0 = Debug|Any CPU
		{61FD89F0-9E4B-4109-907F-5607AB29148D}.Ad-Hoc|iPhone.ActiveCfg = Debug|Any CPU
		{61FD89F0-9E4B-4109-907F-5607AB29148D}.Ad-Hoc|iPhone.Build.0 = Debug|Any CPU
		{61FD89F0-9E4B-4109-907F-5607AB29148D}.Ad-Hoc|iPhoneSimulator.ActiveCfg = Debug|Any CPU
		{61FD89F0-9E4B-4109-907F-5607AB29148D}.Ad-Hoc|iPhoneSimulator.Build.0 = Debug|Any CPU
		{61FD89F0-9E4B-4109-907F-5607AB29148D}.Ad-Hoc|x64.ActiveCfg = Debug|Any CPU
		{61FD89F0-9E4B-4109-907F-5607AB29148D}.Ad-Hoc|x64.Build.0 = Debug|Any CPU
		{61FD89F0-9E4B-4109-907F-5607AB29148D}.Ad-Hoc|x86.ActiveCfg = Debug|Any CPU
		{61FD89F0-9E4B-4109-907F-5607AB29148D}.Ad-Hoc|x86.Build.0 = Debug|Any CPU
		{61FD89F0-9E4B-4109-907F-5607AB29148D}.AppStore|Any CPU.ActiveCfg = Debug|Any CPU
		{61FD89F0-9E4B-4109-907F-5607AB29148D}.AppStore|Any CPU.Build.0 = Debug|Any CPU
		{61FD89F0-9E4B-4109-907F-5607AB29148D}.AppStore|ARM.ActiveCfg = Debug|Any CPU
		{61FD89F0-9E4B-4109-907F-5607AB29148D}.AppStore|ARM.Build.0 = Debug|Any CPU
		{61FD89F0-9E4B-4109-907F-5607AB29148D}.AppStore|iPhone.ActiveCfg = Debug|Any CPU
		{61FD89F0-9E4B-4109-907F-5607AB29148D}.AppStore|iPhone.Build.0 = Debug|Any CPU
		{61FD89F0-9E4B-4109-907F-5607AB29148D}.AppStore|iPhoneSimulator.ActiveCfg = Debug|Any CPU
		{61FD89F0-9E4B-4109-907F-5607AB29148D}.AppStore|iPhoneSimulator.Build.0 = Debug|Any CPU
		{61FD89F0-9E4B-4109-907F-5607AB29148D}.AppStore|x64.ActiveCfg = Debug|Any CPU
		{61FD89F0-9E4B-4109-907F-5607AB29148D}.AppStore|x64.Build.0 = Debug|Any CPU
		{61FD89F0-9E4B-4109-907F-5607AB29148D}.AppStore|x86.ActiveCfg = Debug|Any CPU
		{61FD89F0-9E4B-4109-907F-5607AB29148D}.AppStore|x86.Build.0 = Debug|Any CPU
		{61FD89F0-9E4B-4109-907F-5607AB29148D}.Debug|Any CPU.ActiveCfg = Debug|Any CPU
		{61FD89F0-9E4B-4109-907F-5607AB29148D}.Debug|Any CPU.Build.0 = Debug|Any CPU
		{61FD89F0-9E4B-4109-907F-5607AB29148D}.Debug|ARM.ActiveCfg = Debug|Any CPU
		{61FD89F0-9E4B-4109-907F-5607AB29148D}.Debug|ARM.Build.0 = Debug|Any CPU
		{61FD89F0-9E4B-4109-907F-5607AB29148D}.Debug|iPhone.ActiveCfg = Debug|Any CPU
		{61FD89F0-9E4B-4109-907F-5607AB29148D}.Debug|iPhone.Build.0 = Debug|Any CPU
		{61FD89F0-9E4B-4109-907F-5607AB29148D}.Debug|iPhoneSimulator.ActiveCfg = Debug|Any CPU
		{61FD89F0-9E4B-4109-907F-5607AB29148D}.Debug|iPhoneSimulator.Build.0 = Debug|Any CPU
		{61FD89F0-9E4B-4109-907F-5607AB29148D}.Debug|x64.ActiveCfg = Debug|Any CPU
		{61FD89F0-9E4B-4109-907F-5607AB29148D}.Debug|x64.Build.0 = Debug|Any CPU
		{61FD89F0-9E4B-4109-907F-5607AB29148D}.Debug|x86.ActiveCfg = Debug|Any CPU
		{61FD89F0-9E4B-4109-907F-5607AB29148D}.Debug|x86.Build.0 = Debug|Any CPU
		{61FD89F0-9E4B-4109-907F-5607AB29148D}.Release|Any CPU.ActiveCfg = Release|Any CPU
		{61FD89F0-9E4B-4109-907F-5607AB29148D}.Release|Any CPU.Build.0 = Release|Any CPU
		{61FD89F0-9E4B-4109-907F-5607AB29148D}.Release|ARM.ActiveCfg = Release|Any CPU
		{61FD89F0-9E4B-4109-907F-5607AB29148D}.Release|ARM.Build.0 = Release|Any CPU
		{61FD89F0-9E4B-4109-907F-5607AB29148D}.Release|iPhone.ActiveCfg = Release|Any CPU
		{61FD89F0-9E4B-4109-907F-5607AB29148D}.Release|iPhone.Build.0 = Release|Any CPU
		{61FD89F0-9E4B-4109-907F-5607AB29148D}.Release|iPhoneSimulator.ActiveCfg = Release|Any CPU
		{61FD89F0-9E4B-4109-907F-5607AB29148D}.Release|iPhoneSimulator.Build.0 = Release|Any CPU
		{61FD89F0-9E4B-4109-907F-5607AB29148D}.Release|x64.ActiveCfg = Release|Any CPU
		{61FD89F0-9E4B-4109-907F-5607AB29148D}.Release|x64.Build.0 = Release|Any CPU
		{61FD89F0-9E4B-4109-907F-5607AB29148D}.Release|x86.ActiveCfg = Release|Any CPU
		{61FD89F0-9E4B-4109-907F-5607AB29148D}.Release|x86.Build.0 = Release|Any CPU
		{F9D64CCE-0144-4EE9-8C63-ED3B11B2FADB}.Ad-Hoc|Any CPU.ActiveCfg = Ad-Hoc|iPhone
		{F9D64CCE-0144-4EE9-8C63-ED3B11B2FADB}.Ad-Hoc|ARM.ActiveCfg = Ad-Hoc|iPhone
		{F9D64CCE-0144-4EE9-8C63-ED3B11B2FADB}.Ad-Hoc|iPhone.ActiveCfg = Ad-Hoc|iPhone
		{F9D64CCE-0144-4EE9-8C63-ED3B11B2FADB}.Ad-Hoc|iPhone.Build.0 = Ad-Hoc|iPhone
		{F9D64CCE-0144-4EE9-8C63-ED3B11B2FADB}.Ad-Hoc|iPhoneSimulator.ActiveCfg = Ad-Hoc|iPhoneSimulator
		{F9D64CCE-0144-4EE9-8C63-ED3B11B2FADB}.Ad-Hoc|iPhoneSimulator.Build.0 = Ad-Hoc|iPhoneSimulator
		{F9D64CCE-0144-4EE9-8C63-ED3B11B2FADB}.Ad-Hoc|x64.ActiveCfg = Ad-Hoc|iPhone
		{F9D64CCE-0144-4EE9-8C63-ED3B11B2FADB}.Ad-Hoc|x86.ActiveCfg = Ad-Hoc|iPhone
		{F9D64CCE-0144-4EE9-8C63-ED3B11B2FADB}.AppStore|Any CPU.ActiveCfg = AppStore|iPhone
		{F9D64CCE-0144-4EE9-8C63-ED3B11B2FADB}.AppStore|ARM.ActiveCfg = AppStore|iPhone
		{F9D64CCE-0144-4EE9-8C63-ED3B11B2FADB}.AppStore|iPhone.ActiveCfg = AppStore|iPhone
		{F9D64CCE-0144-4EE9-8C63-ED3B11B2FADB}.AppStore|iPhone.Build.0 = AppStore|iPhone
		{F9D64CCE-0144-4EE9-8C63-ED3B11B2FADB}.AppStore|iPhoneSimulator.ActiveCfg = AppStore|iPhoneSimulator
		{F9D64CCE-0144-4EE9-8C63-ED3B11B2FADB}.AppStore|iPhoneSimulator.Build.0 = AppStore|iPhoneSimulator
		{F9D64CCE-0144-4EE9-8C63-ED3B11B2FADB}.AppStore|x64.ActiveCfg = AppStore|iPhone
		{F9D64CCE-0144-4EE9-8C63-ED3B11B2FADB}.AppStore|x86.ActiveCfg = AppStore|iPhone
		{F9D64CCE-0144-4EE9-8C63-ED3B11B2FADB}.Debug|Any CPU.ActiveCfg = Debug|iPhone
		{F9D64CCE-0144-4EE9-8C63-ED3B11B2FADB}.Debug|ARM.ActiveCfg = Debug|iPhone
		{F9D64CCE-0144-4EE9-8C63-ED3B11B2FADB}.Debug|iPhone.ActiveCfg = Debug|iPhone
		{F9D64CCE-0144-4EE9-8C63-ED3B11B2FADB}.Debug|iPhone.Build.0 = Debug|iPhone
		{F9D64CCE-0144-4EE9-8C63-ED3B11B2FADB}.Debug|iPhoneSimulator.ActiveCfg = Debug|iPhoneSimulator
		{F9D64CCE-0144-4EE9-8C63-ED3B11B2FADB}.Debug|iPhoneSimulator.Build.0 = Debug|iPhoneSimulator
		{F9D64CCE-0144-4EE9-8C63-ED3B11B2FADB}.Debug|x64.ActiveCfg = Debug|iPhone
		{F9D64CCE-0144-4EE9-8C63-ED3B11B2FADB}.Debug|x86.ActiveCfg = Debug|iPhone
		{F9D64CCE-0144-4EE9-8C63-ED3B11B2FADB}.Release|Any CPU.ActiveCfg = Release|iPhone
		{F9D64CCE-0144-4EE9-8C63-ED3B11B2FADB}.Release|ARM.ActiveCfg = Release|iPhone
		{F9D64CCE-0144-4EE9-8C63-ED3B11B2FADB}.Release|iPhone.ActiveCfg = Release|iPhone
		{F9D64CCE-0144-4EE9-8C63-ED3B11B2FADB}.Release|iPhone.Build.0 = Release|iPhone
		{F9D64CCE-0144-4EE9-8C63-ED3B11B2FADB}.Release|iPhoneSimulator.ActiveCfg = Release|iPhoneSimulator
		{F9D64CCE-0144-4EE9-8C63-ED3B11B2FADB}.Release|iPhoneSimulator.Build.0 = Release|iPhoneSimulator
		{F9D64CCE-0144-4EE9-8C63-ED3B11B2FADB}.Release|x64.ActiveCfg = Release|iPhone
		{F9D64CCE-0144-4EE9-8C63-ED3B11B2FADB}.Release|x86.ActiveCfg = Release|iPhone
		{30F2E54F-209A-4B96-8696-3C9C98640BF2}.Ad-Hoc|Any CPU.ActiveCfg = Release|Any CPU
		{30F2E54F-209A-4B96-8696-3C9C98640BF2}.Ad-Hoc|Any CPU.Build.0 = Release|Any CPU
		{30F2E54F-209A-4B96-8696-3C9C98640BF2}.Ad-Hoc|Any CPU.Deploy.0 = Release|Any CPU
		{30F2E54F-209A-4B96-8696-3C9C98640BF2}.Ad-Hoc|ARM.ActiveCfg = Release|Any CPU
		{30F2E54F-209A-4B96-8696-3C9C98640BF2}.Ad-Hoc|ARM.Build.0 = Release|Any CPU
		{30F2E54F-209A-4B96-8696-3C9C98640BF2}.Ad-Hoc|ARM.Deploy.0 = Release|Any CPU
		{30F2E54F-209A-4B96-8696-3C9C98640BF2}.Ad-Hoc|iPhone.ActiveCfg = Release|Any CPU
		{30F2E54F-209A-4B96-8696-3C9C98640BF2}.Ad-Hoc|iPhone.Build.0 = Release|Any CPU
		{30F2E54F-209A-4B96-8696-3C9C98640BF2}.Ad-Hoc|iPhone.Deploy.0 = Release|Any CPU
		{30F2E54F-209A-4B96-8696-3C9C98640BF2}.Ad-Hoc|iPhoneSimulator.ActiveCfg = Release|Any CPU
		{30F2E54F-209A-4B96-8696-3C9C98640BF2}.Ad-Hoc|iPhoneSimulator.Build.0 = Release|Any CPU
		{30F2E54F-209A-4B96-8696-3C9C98640BF2}.Ad-Hoc|iPhoneSimulator.Deploy.0 = Release|Any CPU
		{30F2E54F-209A-4B96-8696-3C9C98640BF2}.Ad-Hoc|x64.ActiveCfg = Release|Any CPU
		{30F2E54F-209A-4B96-8696-3C9C98640BF2}.Ad-Hoc|x64.Build.0 = Release|Any CPU
		{30F2E54F-209A-4B96-8696-3C9C98640BF2}.Ad-Hoc|x64.Deploy.0 = Release|Any CPU
		{30F2E54F-209A-4B96-8696-3C9C98640BF2}.Ad-Hoc|x86.ActiveCfg = Release|Any CPU
		{30F2E54F-209A-4B96-8696-3C9C98640BF2}.Ad-Hoc|x86.Build.0 = Release|Any CPU
		{30F2E54F-209A-4B96-8696-3C9C98640BF2}.Ad-Hoc|x86.Deploy.0 = Release|Any CPU
		{30F2E54F-209A-4B96-8696-3C9C98640BF2}.AppStore|Any CPU.ActiveCfg = Release|Any CPU
		{30F2E54F-209A-4B96-8696-3C9C98640BF2}.AppStore|Any CPU.Build.0 = Release|Any CPU
		{30F2E54F-209A-4B96-8696-3C9C98640BF2}.AppStore|Any CPU.Deploy.0 = Release|Any CPU
		{30F2E54F-209A-4B96-8696-3C9C98640BF2}.AppStore|ARM.ActiveCfg = Release|Any CPU
		{30F2E54F-209A-4B96-8696-3C9C98640BF2}.AppStore|ARM.Build.0 = Release|Any CPU
		{30F2E54F-209A-4B96-8696-3C9C98640BF2}.AppStore|ARM.Deploy.0 = Release|Any CPU
		{30F2E54F-209A-4B96-8696-3C9C98640BF2}.AppStore|iPhone.ActiveCfg = Release|Any CPU
		{30F2E54F-209A-4B96-8696-3C9C98640BF2}.AppStore|iPhone.Build.0 = Release|Any CPU
		{30F2E54F-209A-4B96-8696-3C9C98640BF2}.AppStore|iPhone.Deploy.0 = Release|Any CPU
		{30F2E54F-209A-4B96-8696-3C9C98640BF2}.AppStore|iPhoneSimulator.ActiveCfg = Release|Any CPU
		{30F2E54F-209A-4B96-8696-3C9C98640BF2}.AppStore|iPhoneSimulator.Build.0 = Release|Any CPU
		{30F2E54F-209A-4B96-8696-3C9C98640BF2}.AppStore|iPhoneSimulator.Deploy.0 = Release|Any CPU
		{30F2E54F-209A-4B96-8696-3C9C98640BF2}.AppStore|x64.ActiveCfg = Release|Any CPU
		{30F2E54F-209A-4B96-8696-3C9C98640BF2}.AppStore|x64.Build.0 = Release|Any CPU
		{30F2E54F-209A-4B96-8696-3C9C98640BF2}.AppStore|x64.Deploy.0 = Release|Any CPU
		{30F2E54F-209A-4B96-8696-3C9C98640BF2}.AppStore|x86.ActiveCfg = Release|Any CPU
		{30F2E54F-209A-4B96-8696-3C9C98640BF2}.AppStore|x86.Build.0 = Release|Any CPU
		{30F2E54F-209A-4B96-8696-3C9C98640BF2}.AppStore|x86.Deploy.0 = Release|Any CPU
		{30F2E54F-209A-4B96-8696-3C9C98640BF2}.Debug|Any CPU.ActiveCfg = Debug|Any CPU
		{30F2E54F-209A-4B96-8696-3C9C98640BF2}.Debug|Any CPU.Build.0 = Debug|Any CPU
		{30F2E54F-209A-4B96-8696-3C9C98640BF2}.Debug|Any CPU.Deploy.0 = Debug|Any CPU
		{30F2E54F-209A-4B96-8696-3C9C98640BF2}.Debug|ARM.ActiveCfg = Debug|Any CPU
		{30F2E54F-209A-4B96-8696-3C9C98640BF2}.Debug|ARM.Build.0 = Debug|Any CPU
		{30F2E54F-209A-4B96-8696-3C9C98640BF2}.Debug|ARM.Deploy.0 = Debug|Any CPU
		{30F2E54F-209A-4B96-8696-3C9C98640BF2}.Debug|iPhone.ActiveCfg = Debug|Any CPU
		{30F2E54F-209A-4B96-8696-3C9C98640BF2}.Debug|iPhone.Build.0 = Debug|Any CPU
		{30F2E54F-209A-4B96-8696-3C9C98640BF2}.Debug|iPhone.Deploy.0 = Debug|Any CPU
		{30F2E54F-209A-4B96-8696-3C9C98640BF2}.Debug|iPhoneSimulator.ActiveCfg = Debug|Any CPU
		{30F2E54F-209A-4B96-8696-3C9C98640BF2}.Debug|iPhoneSimulator.Build.0 = Debug|Any CPU
		{30F2E54F-209A-4B96-8696-3C9C98640BF2}.Debug|iPhoneSimulator.Deploy.0 = Debug|Any CPU
		{30F2E54F-209A-4B96-8696-3C9C98640BF2}.Debug|x64.ActiveCfg = Debug|Any CPU
		{30F2E54F-209A-4B96-8696-3C9C98640BF2}.Debug|x64.Build.0 = Debug|Any CPU
		{30F2E54F-209A-4B96-8696-3C9C98640BF2}.Debug|x64.Deploy.0 = Debug|Any CPU
		{30F2E54F-209A-4B96-8696-3C9C98640BF2}.Debug|x86.ActiveCfg = Debug|Any CPU
		{30F2E54F-209A-4B96-8696-3C9C98640BF2}.Debug|x86.Build.0 = Debug|Any CPU
		{30F2E54F-209A-4B96-8696-3C9C98640BF2}.Debug|x86.Deploy.0 = Debug|Any CPU
		{30F2E54F-209A-4B96-8696-3C9C98640BF2}.Release|Any CPU.ActiveCfg = Release|Any CPU
		{30F2E54F-209A-4B96-8696-3C9C98640BF2}.Release|Any CPU.Build.0 = Release|Any CPU
		{30F2E54F-209A-4B96-8696-3C9C98640BF2}.Release|Any CPU.Deploy.0 = Release|Any CPU
		{30F2E54F-209A-4B96-8696-3C9C98640BF2}.Release|ARM.ActiveCfg = Release|Any CPU
		{30F2E54F-209A-4B96-8696-3C9C98640BF2}.Release|ARM.Build.0 = Release|Any CPU
		{30F2E54F-209A-4B96-8696-3C9C98640BF2}.Release|ARM.Deploy.0 = Release|Any CPU
		{30F2E54F-209A-4B96-8696-3C9C98640BF2}.Release|iPhone.ActiveCfg = Release|Any CPU
		{30F2E54F-209A-4B96-8696-3C9C98640BF2}.Release|iPhone.Build.0 = Release|Any CPU
		{30F2E54F-209A-4B96-8696-3C9C98640BF2}.Release|iPhone.Deploy.0 = Release|Any CPU
		{30F2E54F-209A-4B96-8696-3C9C98640BF2}.Release|iPhoneSimulator.ActiveCfg = Release|Any CPU
		{30F2E54F-209A-4B96-8696-3C9C98640BF2}.Release|iPhoneSimulator.Build.0 = Release|Any CPU
		{30F2E54F-209A-4B96-8696-3C9C98640BF2}.Release|iPhoneSimulator.Deploy.0 = Release|Any CPU
		{30F2E54F-209A-4B96-8696-3C9C98640BF2}.Release|x64.ActiveCfg = Release|Any CPU
		{30F2E54F-209A-4B96-8696-3C9C98640BF2}.Release|x64.Build.0 = Release|Any CPU
		{30F2E54F-209A-4B96-8696-3C9C98640BF2}.Release|x64.Deploy.0 = Release|Any CPU
		{30F2E54F-209A-4B96-8696-3C9C98640BF2}.Release|x86.ActiveCfg = Release|Any CPU
		{30F2E54F-209A-4B96-8696-3C9C98640BF2}.Release|x86.Build.0 = Release|Any CPU
		{30F2E54F-209A-4B96-8696-3C9C98640BF2}.Release|x86.Deploy.0 = Release|Any CPU
		{524C318B-369A-446D-86E2-CF01BB1B1C67}.Ad-Hoc|Any CPU.ActiveCfg = Release|x86
		{524C318B-369A-446D-86E2-CF01BB1B1C67}.Ad-Hoc|Any CPU.Build.0 = Release|x86
		{524C318B-369A-446D-86E2-CF01BB1B1C67}.Ad-Hoc|Any CPU.Deploy.0 = Release|x86
		{524C318B-369A-446D-86E2-CF01BB1B1C67}.Ad-Hoc|ARM.ActiveCfg = Release|ARM
		{524C318B-369A-446D-86E2-CF01BB1B1C67}.Ad-Hoc|ARM.Build.0 = Release|ARM
		{524C318B-369A-446D-86E2-CF01BB1B1C67}.Ad-Hoc|ARM.Deploy.0 = Release|ARM
		{524C318B-369A-446D-86E2-CF01BB1B1C67}.Ad-Hoc|iPhone.ActiveCfg = Release|x86
		{524C318B-369A-446D-86E2-CF01BB1B1C67}.Ad-Hoc|iPhone.Build.0 = Release|x86
		{524C318B-369A-446D-86E2-CF01BB1B1C67}.Ad-Hoc|iPhone.Deploy.0 = Release|x86
		{524C318B-369A-446D-86E2-CF01BB1B1C67}.Ad-Hoc|iPhoneSimulator.ActiveCfg = Release|x86
		{524C318B-369A-446D-86E2-CF01BB1B1C67}.Ad-Hoc|iPhoneSimulator.Build.0 = Release|x86
		{524C318B-369A-446D-86E2-CF01BB1B1C67}.Ad-Hoc|iPhoneSimulator.Deploy.0 = Release|x86
		{524C318B-369A-446D-86E2-CF01BB1B1C67}.Ad-Hoc|x64.ActiveCfg = Release|x64
		{524C318B-369A-446D-86E2-CF01BB1B1C67}.Ad-Hoc|x64.Build.0 = Release|x64
		{524C318B-369A-446D-86E2-CF01BB1B1C67}.Ad-Hoc|x64.Deploy.0 = Release|x64
		{524C318B-369A-446D-86E2-CF01BB1B1C67}.Ad-Hoc|x86.ActiveCfg = Release|x86
		{524C318B-369A-446D-86E2-CF01BB1B1C67}.Ad-Hoc|x86.Build.0 = Release|x86
		{524C318B-369A-446D-86E2-CF01BB1B1C67}.Ad-Hoc|x86.Deploy.0 = Release|x86
		{524C318B-369A-446D-86E2-CF01BB1B1C67}.AppStore|Any CPU.ActiveCfg = Release|x86
		{524C318B-369A-446D-86E2-CF01BB1B1C67}.AppStore|Any CPU.Build.0 = Release|x86
		{524C318B-369A-446D-86E2-CF01BB1B1C67}.AppStore|Any CPU.Deploy.0 = Release|x86
		{524C318B-369A-446D-86E2-CF01BB1B1C67}.AppStore|ARM.ActiveCfg = Release|ARM
		{524C318B-369A-446D-86E2-CF01BB1B1C67}.AppStore|ARM.Build.0 = Release|ARM
		{524C318B-369A-446D-86E2-CF01BB1B1C67}.AppStore|ARM.Deploy.0 = Release|ARM
		{524C318B-369A-446D-86E2-CF01BB1B1C67}.AppStore|iPhone.ActiveCfg = Release|x86
		{524C318B-369A-446D-86E2-CF01BB1B1C67}.AppStore|iPhone.Build.0 = Release|x86
		{524C318B-369A-446D-86E2-CF01BB1B1C67}.AppStore|iPhone.Deploy.0 = Release|x86
		{524C318B-369A-446D-86E2-CF01BB1B1C67}.AppStore|iPhoneSimulator.ActiveCfg = Release|x86
		{524C318B-369A-446D-86E2-CF01BB1B1C67}.AppStore|iPhoneSimulator.Build.0 = Release|x86
		{524C318B-369A-446D-86E2-CF01BB1B1C67}.AppStore|iPhoneSimulator.Deploy.0 = Release|x86
		{524C318B-369A-446D-86E2-CF01BB1B1C67}.AppStore|x64.ActiveCfg = Release|x64
		{524C318B-369A-446D-86E2-CF01BB1B1C67}.AppStore|x64.Build.0 = Release|x64
		{524C318B-369A-446D-86E2-CF01BB1B1C67}.AppStore|x64.Deploy.0 = Release|x64
		{524C318B-369A-446D-86E2-CF01BB1B1C67}.AppStore|x86.ActiveCfg = Release|x86
		{524C318B-369A-446D-86E2-CF01BB1B1C67}.AppStore|x86.Build.0 = Release|x86
		{524C318B-369A-446D-86E2-CF01BB1B1C67}.AppStore|x86.Deploy.0 = Release|x86
		{524C318B-369A-446D-86E2-CF01BB1B1C67}.Debug|Any CPU.ActiveCfg = Debug|x86
		{524C318B-369A-446D-86E2-CF01BB1B1C67}.Debug|ARM.ActiveCfg = Debug|ARM
		{524C318B-369A-446D-86E2-CF01BB1B1C67}.Debug|ARM.Build.0 = Debug|ARM
		{524C318B-369A-446D-86E2-CF01BB1B1C67}.Debug|ARM.Deploy.0 = Debug|ARM
		{524C318B-369A-446D-86E2-CF01BB1B1C67}.Debug|iPhone.ActiveCfg = Debug|x86
		{524C318B-369A-446D-86E2-CF01BB1B1C67}.Debug|iPhoneSimulator.ActiveCfg = Debug|x86
		{524C318B-369A-446D-86E2-CF01BB1B1C67}.Debug|x64.ActiveCfg = Debug|x64
		{524C318B-369A-446D-86E2-CF01BB1B1C67}.Debug|x64.Build.0 = Debug|x64
		{524C318B-369A-446D-86E2-CF01BB1B1C67}.Debug|x64.Deploy.0 = Debug|x64
		{524C318B-369A-446D-86E2-CF01BB1B1C67}.Debug|x86.ActiveCfg = Debug|x86
		{524C318B-369A-446D-86E2-CF01BB1B1C67}.Debug|x86.Build.0 = Debug|x86
		{524C318B-369A-446D-86E2-CF01BB1B1C67}.Debug|x86.Deploy.0 = Debug|x86
		{524C318B-369A-446D-86E2-CF01BB1B1C67}.Release|Any CPU.ActiveCfg = Release|x86
		{524C318B-369A-446D-86E2-CF01BB1B1C67}.Release|ARM.ActiveCfg = Release|ARM
		{524C318B-369A-446D-86E2-CF01BB1B1C67}.Release|ARM.Build.0 = Release|ARM
		{524C318B-369A-446D-86E2-CF01BB1B1C67}.Release|ARM.Deploy.0 = Release|ARM
		{524C318B-369A-446D-86E2-CF01BB1B1C67}.Release|iPhone.ActiveCfg = Release|x86
		{524C318B-369A-446D-86E2-CF01BB1B1C67}.Release|iPhoneSimulator.ActiveCfg = Release|x86
		{524C318B-369A-446D-86E2-CF01BB1B1C67}.Release|x64.ActiveCfg = Release|x64
		{524C318B-369A-446D-86E2-CF01BB1B1C67}.Release|x64.Build.0 = Release|x64
		{524C318B-369A-446D-86E2-CF01BB1B1C67}.Release|x64.Deploy.0 = Release|x64
		{524C318B-369A-446D-86E2-CF01BB1B1C67}.Release|x86.ActiveCfg = Release|x86
		{524C318B-369A-446D-86E2-CF01BB1B1C67}.Release|x86.Build.0 = Release|x86
		{524C318B-369A-446D-86E2-CF01BB1B1C67}.Release|x86.Deploy.0 = Release|x86
	EndGlobalSection
	GlobalSection(SolutionProperties) = preSolution
		HideSolutionNode = FALSE
	EndGlobalSection
	GlobalSection(ExtensibilityGlobals) = postSolution
		SolutionGuid = {F6D05029-56B8-4E45-AF2D-0E76295DDBA2}
	EndGlobalSection
EndGlobal
