
Microsoft Visual Studio Solution File, Format Version 12.00
# Visual Studio 15
VisualStudioVersion = 15.0.26730.10
MinimumVisualStudioVersion = 10.0.40219.1

Project("{D954291E-2A0B-460D-934E-DC6B0785DB48}") = "tst", "tst\tst\tst.shproj", "{E0A494EB-18B8-4B02-BCF4-9B41EAC8BC93}"
EndProject


Project("{FAE04EC0-301F-11D3-BF4B-00C04F79EFBC}") = "tst.iOS", "tst\tst.iOS\tst.iOS.csproj", "{CB5723F2-6072-4F14-B4EA-3A1AE1BD31D5}"
EndProject

Project("{FAE04EC0-301F-11D3-BF4B-00C04F79EFBC}") = "tst.Android", "tst\tst.Android\tst.Android.csproj", "{E346F339-A021-4461-B5D5-70011E76C47A}"
EndProject



Global
	GlobalSection(SolutionConfigurationPlatforms) = preSolution
		Ad-Hoc|Any CPU = Ad-Hoc|Any CPU
		Ad-Hoc|ARM = Ad-Hoc|ARM
		Ad-Hoc|iPhone = Ad-Hoc|iPhone
		Ad-Hoc|iPhoneSimulator = Ad-Hoc|iPhoneSimulator
		Ad-Hoc|x64 = Ad-Hoc|x64
		Ad-Hoc|x86 = Ad-Hoc|x86
		AppStore|Any CPU = AppStore|Any CPU
		AppStore|ARM = AppStore|ARM
		AppStore|iPhone = AppStore|iPhone
		AppStore|iPhoneSimulator = AppStore|iPhoneSimulator
		AppStore|x64 = AppStore|x64
		AppStore|x86 = AppStore|x86
		Debug|Any CPU = Debug|Any CPU
		Debug|ARM = Debug|ARM
		Debug|iPhone = Debug|iPhone
		Debug|iPhoneSimulator = Debug|iPhoneSimulator
		Debug|x64 = Debug|x64
		Debug|x86 = Debug|x86
		Release|Any CPU = Release|Any CPU
		Release|ARM = Release|ARM
		Release|iPhone = Release|iPhone
		Release|iPhoneSimulator = Release|iPhoneSimulator
		Release|x64 = Release|x64
		Release|x86 = Release|x86
	EndGlobalSection
	GlobalSection(ProjectConfigurationPlatforms) = postSolution
		{58DC6101-31D1-470C-9F42-37641D8377DE}.Ad-Hoc|Any CPU.ActiveCfg = Debug|Any CPU
		{58DC6101-31D1-470C-9F42-37641D8377DE}.Ad-Hoc|Any CPU.Build.0 = Debug|Any CPU
		{58DC6101-31D1-470C-9F42-37641D8377DE}.Ad-Hoc|ARM.ActiveCfg = Debug|Any CPU
		{58DC6101-31D1-470C-9F42-37641D8377DE}.Ad-Hoc|ARM.Build.0 = Debug|Any CPU
		{58DC6101-31D1-470C-9F42-37641D8377DE}.Ad-Hoc|iPhone.ActiveCfg = Debug|Any CPU
		{58DC6101-31D1-470C-9F42-37641D8377DE}.Ad-Hoc|iPhone.Build.0 = Debug|Any CPU
		{58DC6101-31D1-470C-9F42-37641D8377DE}.Ad-Hoc|iPhoneSimulator.ActiveCfg = Debug|Any CPU
		{58DC6101-31D1-470C-9F42-37641D8377DE}.Ad-Hoc|iPhoneSimulator.Build.0 = Debug|Any CPU
		{58DC6101-31D1-470C-9F42-37641D8377DE}.Ad-Hoc|x64.ActiveCfg = Debug|Any CPU
		{58DC6101-31D1-470C-9F42-37641D8377DE}.Ad-Hoc|x64.Build.0 = Debug|Any CPU
		{58DC6101-31D1-470C-9F42-37641D8377DE}.Ad-Hoc|x86.ActiveCfg = Debug|Any CPU
		{58DC6101-31D1-470C-9F42-37641D8377DE}.Ad-Hoc|x86.Build.0 = Debug|Any CPU
		{58DC6101-31D1-470C-9F42-37641D8377DE}.AppStore|Any CPU.ActiveCfg = Debug|Any CPU
		{58DC6101-31D1-470C-9F42-37641D8377DE}.AppStore|Any CPU.Build.0 = Debug|Any CPU
		{58DC6101-31D1-470C-9F42-37641D8377DE}.AppStore|ARM.ActiveCfg = Debug|Any CPU
		{58DC6101-31D1-470C-9F42-37641D8377DE}.AppStore|ARM.Build.0 = Debug|Any CPU
		{58DC6101-31D1-470C-9F42-37641D8377DE}.AppStore|iPhone.ActiveCfg = Debug|Any CPU
		{58DC6101-31D1-470C-9F42-37641D8377DE}.AppStore|iPhone.Build.0 = Debug|Any CPU
		{58DC6101-31D1-470C-9F42-37641D8377DE}.AppStore|iPhoneSimulator.ActiveCfg = Debug|Any CPU
		{58DC6101-31D1-470C-9F42-37641D8377DE}.AppStore|iPhoneSimulator.Build.0 = Debug|Any CPU
		{58DC6101-31D1-470C-9F42-37641D8377DE}.AppStore|x64.ActiveCfg = Debug|Any CPU
		{58DC6101-31D1-470C-9F42-37641D8377DE}.AppStore|x64.Build.0 = Debug|Any CPU
		{58DC6101-31D1-470C-9F42-37641D8377DE}.AppStore|x86.ActiveCfg = Debug|Any CPU
		{58DC6101-31D1-470C-9F42-37641D8377DE}.AppStore|x86.Build.0 = Debug|Any CPU
		{58DC6101-31D1-470C-9F42-37641D8377DE}.Debug|Any CPU.ActiveCfg = Debug|Any CPU
		{58DC6101-31D1-470C-9F42-37641D8377DE}.Debug|Any CPU.Build.0 = Debug|Any CPU
		{58DC6101-31D1-470C-9F42-37641D8377DE}.Debug|ARM.ActiveCfg = Debug|Any CPU
		{58DC6101-31D1-470C-9F42-37641D8377DE}.Debug|ARM.Build.0 = Debug|Any CPU
		{58DC6101-31D1-470C-9F42-37641D8377DE}.Debug|iPhone.ActiveCfg = Debug|Any CPU
		{58DC6101-31D1-470C-9F42-37641D8377DE}.Debug|iPhone.Build.0 = Debug|Any CPU
		{58DC6101-31D1-470C-9F42-37641D8377DE}.Debug|iPhoneSimulator.ActiveCfg = Debug|Any CPU
		{58DC6101-31D1-470C-9F42-37641D8377DE}.Debug|iPhoneSimulator.Build.0 = Debug|Any CPU
		{58DC6101-31D1-470C-9F42-37641D8377DE}.Debug|x64.ActiveCfg = Debug|Any CPU
		{58DC6101-31D1-470C-9F42-37641D8377DE}.Debug|x64.Build.0 = Debug|Any CPU
		{58DC6101-31D1-470C-9F42-37641D8377DE}.Debug|x86.ActiveCfg = Debug|Any CPU
		{58DC6101-31D1-470C-9F42-37641D8377DE}.Debug|x86.Build.0 = Debug|Any CPU
		{58DC6101-31D1-470C-9F42-37641D8377DE}.Release|Any CPU.ActiveCfg = Release|Any CPU
		{58DC6101-31D1-470C-9F42-37641D8377DE}.Release|Any CPU.Build.0 = Release|Any CPU
		{58DC6101-31D1-470C-9F42-37641D8377DE}.Release|ARM.ActiveCfg = Release|Any CPU
		{58DC6101-31D1-470C-9F42-37641D8377DE}.Release|ARM.Build.0 = Release|Any CPU
		{58DC6101-31D1-470C-9F42-37641D8377DE}.Release|iPhone.ActiveCfg = Release|Any CPU
		{58DC6101-31D1-470C-9F42-37641D8377DE}.Release|iPhone.Build.0 = Release|Any CPU
		{58DC6101-31D1-470C-9F42-37641D8377DE}.Release|iPhoneSimulator.ActiveCfg = Release|Any CPU
		{58DC6101-31D1-470C-9F42-37641D8377DE}.Release|iPhoneSimulator.Build.0 = Release|Any CPU
		{58DC6101-31D1-470C-9F42-37641D8377DE}.Release|x64.ActiveCfg = Release|Any CPU
		{58DC6101-31D1-470C-9F42-37641D8377DE}.Release|x64.Build.0 = Release|Any CPU
		{58DC6101-31D1-470C-9F42-37641D8377DE}.Release|x86.ActiveCfg = Release|Any CPU
		{58DC6101-31D1-470C-9F42-37641D8377DE}.Release|x86.Build.0 = Release|Any CPU
		{CB5723F2-6072-4F14-B4EA-3A1AE1BD31D5}.Ad-Hoc|Any CPU.ActiveCfg = Ad-Hoc|iPhone
		{CB5723F2-6072-4F14-B4EA-3A1AE1BD31D5}.Ad-Hoc|ARM.ActiveCfg = Ad-Hoc|iPhone
		{CB5723F2-6072-4F14-B4EA-3A1AE1BD31D5}.Ad-Hoc|iPhone.ActiveCfg = Ad-Hoc|iPhone
		{CB5723F2-6072-4F14-B4EA-3A1AE1BD31D5}.Ad-Hoc|iPhone.Build.0 = Ad-Hoc|iPhone
		{CB5723F2-6072-4F14-B4EA-3A1AE1BD31D5}.Ad-Hoc|iPhoneSimulator.ActiveCfg = Ad-Hoc|iPhoneSimulator
		{CB5723F2-6072-4F14-B4EA-3A1AE1BD31D5}.Ad-Hoc|iPhoneSimulator.Build.0 = Ad-Hoc|iPhoneSimulator
		{CB5723F2-6072-4F14-B4EA-3A1AE1BD31D5}.Ad-Hoc|x64.ActiveCfg = Ad-Hoc|iPhone
		{CB5723F2-6072-4F14-B4EA-3A1AE1BD31D5}.Ad-Hoc|x86.ActiveCfg = Ad-Hoc|iPhone
		{CB5723F2-6072-4F14-B4EA-3A1AE1BD31D5}.AppStore|Any CPU.ActiveCfg = AppStore|iPhone
		{CB5723F2-6072-4F14-B4EA-3A1AE1BD31D5}.AppStore|ARM.ActiveCfg = AppStore|iPhone
		{CB5723F2-6072-4F14-B4EA-3A1AE1BD31D5}.AppStore|iPhone.ActiveCfg = AppStore|iPhone
		{CB5723F2-6072-4F14-B4EA-3A1AE1BD31D5}.AppStore|iPhone.Build.0 = AppStore|iPhone
		{CB5723F2-6072-4F14-B4EA-3A1AE1BD31D5}.AppStore|iPhoneSimulator.ActiveCfg = AppStore|iPhoneSimulator
		{CB5723F2-6072-4F14-B4EA-3A1AE1BD31D5}.AppStore|iPhoneSimulator.Build.0 = AppStore|iPhoneSimulator
		{CB5723F2-6072-4F14-B4EA-3A1AE1BD31D5}.AppStore|x64.ActiveCfg = AppStore|iPhone
		{CB5723F2-6072-4F14-B4EA-3A1AE1BD31D5}.AppStore|x86.ActiveCfg = AppStore|iPhone
		{CB5723F2-6072-4F14-B4EA-3A1AE1BD31D5}.Debug|Any CPU.ActiveCfg = Debug|iPhone
		{CB5723F2-6072-4F14-B4EA-3A1AE1BD31D5}.Debug|ARM.ActiveCfg = Debug|iPhone
		{CB5723F2-6072-4F14-B4EA-3A1AE1BD31D5}.Debug|iPhone.ActiveCfg = Debug|iPhone
		{CB5723F2-6072-4F14-B4EA-3A1AE1BD31D5}.Debug|iPhone.Build.0 = Debug|iPhone
		{CB5723F2-6072-4F14-B4EA-3A1AE1BD31D5}.Debug|iPhoneSimulator.ActiveCfg = Debug|iPhoneSimulator
		{CB5723F2-6072-4F14-B4EA-3A1AE1BD31D5}.Debug|iPhoneSimulator.Build.0 = Debug|iPhoneSimulator
		{CB5723F2-6072-4F14-B4EA-3A1AE1BD31D5}.Debug|x64.ActiveCfg = Debug|iPhone
		{CB5723F2-6072-4F14-B4EA-3A1AE1BD31D5}.Debug|x86.ActiveCfg = Debug|iPhone
		{CB5723F2-6072-4F14-B4EA-3A1AE1BD31D5}.Release|Any CPU.ActiveCfg = Release|iPhone
		{CB5723F2-6072-4F14-B4EA-3A1AE1BD31D5}.Release|ARM.ActiveCfg = Release|iPhone
		{CB5723F2-6072-4F14-B4EA-3A1AE1BD31D5}.Release|iPhone.ActiveCfg = Release|iPhone
		{CB5723F2-6072-4F14-B4EA-3A1AE1BD31D5}.Release|iPhone.Build.0 = Release|iPhone
		{CB5723F2-6072-4F14-B4EA-3A1AE1BD31D5}.Release|iPhoneSimulator.ActiveCfg = Release|iPhoneSimulator
		{CB5723F2-6072-4F14-B4EA-3A1AE1BD31D5}.Release|iPhoneSimulator.Build.0 = Release|iPhoneSimulator
		{CB5723F2-6072-4F14-B4EA-3A1AE1BD31D5}.Release|x64.ActiveCfg = Release|iPhone
		{CB5723F2-6072-4F14-B4EA-3A1AE1BD31D5}.Release|x86.ActiveCfg = Release|iPhone
		{E346F339-A021-4461-B5D5-70011E76C47A}.Ad-Hoc|Any CPU.ActiveCfg = Release|Any CPU
		{E346F339-A021-4461-B5D5-70011E76C47A}.Ad-Hoc|Any CPU.Build.0 = Release|Any CPU
		{E346F339-A021-4461-B5D5-70011E76C47A}.Ad-Hoc|Any CPU.Deploy.0 = Release|Any CPU
		{E346F339-A021-4461-B5D5-70011E76C47A}.Ad-Hoc|ARM.ActiveCfg = Release|Any CPU
		{E346F339-A021-4461-B5D5-70011E76C47A}.Ad-Hoc|ARM.Build.0 = Release|Any CPU
		{E346F339-A021-4461-B5D5-70011E76C47A}.Ad-Hoc|ARM.Deploy.0 = Release|Any CPU
		{E346F339-A021-4461-B5D5-70011E76C47A}.Ad-Hoc|iPhone.ActiveCfg = Release|Any CPU
		{E346F339-A021-4461-B5D5-70011E76C47A}.Ad-Hoc|iPhone.Build.0 = Release|Any CPU
		{E346F339-A021-4461-B5D5-70011E76C47A}.Ad-Hoc|iPhone.Deploy.0 = Release|Any CPU
		{E346F339-A021-4461-B5D5-70011E76C47A}.Ad-Hoc|iPhoneSimulator.ActiveCfg = Release|Any CPU
		{E346F339-A021-4461-B5D5-70011E76C47A}.Ad-Hoc|iPhoneSimulator.Build.0 = Release|Any CPU
		{E346F339-A021-4461-B5D5-70011E76C47A}.Ad-Hoc|iPhoneSimulator.Deploy.0 = Release|Any CPU
		{E346F339-A021-4461-B5D5-70011E76C47A}.Ad-Hoc|x64.ActiveCfg = Release|Any CPU
		{E346F339-A021-4461-B5D5-70011E76C47A}.Ad-Hoc|x64.Build.0 = Release|Any CPU
		{E346F339-A021-4461-B5D5-70011E76C47A}.Ad-Hoc|x64.Deploy.0 = Release|Any CPU
		{E346F339-A021-4461-B5D5-70011E76C47A}.Ad-Hoc|x86.ActiveCfg = Release|Any CPU
		{E346F339-A021-4461-B5D5-70011E76C47A}.Ad-Hoc|x86.Build.0 = Release|Any CPU
		{E346F339-A021-4461-B5D5-70011E76C47A}.Ad-Hoc|x86.Deploy.0 = Release|Any CPU
		{E346F339-A021-4461-B5D5-70011E76C47A}.AppStore|Any CPU.ActiveCfg = Release|Any CPU
		{E346F339-A021-4461-B5D5-70011E76C47A}.AppStore|Any CPU.Build.0 = Release|Any CPU
		{E346F339-A021-4461-B5D5-70011E76C47A}.AppStore|Any CPU.Deploy.0 = Release|Any CPU
		{E346F339-A021-4461-B5D5-70011E76C47A}.AppStore|ARM.ActiveCfg = Release|Any CPU
		{E346F339-A021-4461-B5D5-70011E76C47A}.AppStore|ARM.Build.0 = Release|Any CPU
		{E346F339-A021-4461-B5D5-70011E76C47A}.AppStore|ARM.Deploy.0 = Release|Any CPU
		{E346F339-A021-4461-B5D5-70011E76C47A}.AppStore|iPhone.ActiveCfg = Release|Any CPU
		{E346F339-A021-4461-B5D5-70011E76C47A}.AppStore|iPhone.Build.0 = Release|Any CPU
		{E346F339-A021-4461-B5D5-70011E76C47A}.AppStore|iPhone.Deploy.0 = Release|Any CPU
		{E346F339-A021-4461-B5D5-70011E76C47A}.AppStore|iPhoneSimulator.ActiveCfg = Release|Any CPU
		{E346F339-A021-4461-B5D5-70011E76C47A}.AppStore|iPhoneSimulator.Build.0 = Release|Any CPU
		{E346F339-A021-4461-B5D5-70011E76C47A}.AppStore|iPhoneSimulator.Deploy.0 = Release|Any CPU
		{E346F339-A021-4461-B5D5-70011E76C47A}.AppStore|x64.ActiveCfg = Release|Any CPU
		{E346F339-A021-4461-B5D5-70011E76C47A}.AppStore|x64.Build.0 = Release|Any CPU
		{E346F339-A021-4461-B5D5-70011E76C47A}.AppStore|x64.Deploy.0 = Release|Any CPU
		{E346F339-A021-4461-B5D5-70011E76C47A}.AppStore|x86.ActiveCfg = Release|Any CPU
		{E346F339-A021-4461-B5D5-70011E76C47A}.AppStore|x86.Build.0 = Release|Any CPU
		{E346F339-A021-4461-B5D5-70011E76C47A}.AppStore|x86.Deploy.0 = Release|Any CPU
		{E346F339-A021-4461-B5D5-70011E76C47A}.Debug|Any CPU.ActiveCfg = Debug|Any CPU
		{E346F339-A021-4461-B5D5-70011E76C47A}.Debug|Any CPU.Build.0 = Debug|Any CPU
		{E346F339-A021-4461-B5D5-70011E76C47A}.Debug|Any CPU.Deploy.0 = Debug|Any CPU
		{E346F339-A021-4461-B5D5-70011E76C47A}.Debug|ARM.ActiveCfg = Debug|Any CPU
		{E346F339-A021-4461-B5D5-70011E76C47A}.Debug|ARM.Build.0 = Debug|Any CPU
		{E346F339-A021-4461-B5D5-70011E76C47A}.Debug|ARM.Deploy.0 = Debug|Any CPU
		{E346F339-A021-4461-B5D5-70011E76C47A}.Debug|iPhone.ActiveCfg = Debug|Any CPU
		{E346F339-A021-4461-B5D5-70011E76C47A}.Debug|iPhone.Build.0 = Debug|Any CPU
		{E346F339-A021-4461-B5D5-70011E76C47A}.Debug|iPhone.Deploy.0 = Debug|Any CPU
		{E346F339-A021-4461-B5D5-70011E76C47A}.Debug|iPhoneSimulator.ActiveCfg = Debug|Any CPU
		{E346F339-A021-4461-B5D5-70011E76C47A}.Debug|iPhoneSimulator.Build.0 = Debug|Any CPU
		{E346F339-A021-4461-B5D5-70011E76C47A}.Debug|iPhoneSimulator.Deploy.0 = Debug|Any CPU
		{E346F339-A021-4461-B5D5-70011E76C47A}.Debug|x64.ActiveCfg = Debug|Any CPU
		{E346F339-A021-4461-B5D5-70011E76C47A}.Debug|x64.Build.0 = Debug|Any CPU
		{E346F339-A021-4461-B5D5-70011E76C47A}.Debug|x64.Deploy.0 = Debug|Any CPU
		{E346F339-A021-4461-B5D5-70011E76C47A}.Debug|x86.ActiveCfg = Debug|Any CPU
		{E346F339-A021-4461-B5D5-70011E76C47A}.Debug|x86.Build.0 = Debug|Any CPU
		{E346F339-A021-4461-B5D5-70011E76C47A}.Debug|x86.Deploy.0 = Debug|Any CPU
		{E346F339-A021-4461-B5D5-70011E76C47A}.Release|Any CPU.ActiveCfg = Release|Any CPU
		{E346F339-A021-4461-B5D5-70011E76C47A}.Release|Any CPU.Build.0 = Release|Any CPU
		{E346F339-A021-4461-B5D5-70011E76C47A}.Release|Any CPU.Deploy.0 = Release|Any CPU
		{E346F339-A021-4461-B5D5-70011E76C47A}.Release|ARM.ActiveCfg = Release|Any CPU
		{E346F339-A021-4461-B5D5-70011E76C47A}.Release|ARM.Build.0 = Release|Any CPU
		{E346F339-A021-4461-B5D5-70011E76C47A}.Release|ARM.Deploy.0 = Release|Any CPU
		{E346F339-A021-4461-B5D5-70011E76C47A}.Release|iPhone.ActiveCfg = Release|Any CPU
		{E346F339-A021-4461-B5D5-70011E76C47A}.Release|iPhone.Build.0 = Release|Any CPU
		{E346F339-A021-4461-B5D5-70011E76C47A}.Release|iPhone.Deploy.0 = Release|Any CPU
		{E346F339-A021-4461-B5D5-70011E76C47A}.Release|iPhoneSimulator.ActiveCfg = Release|Any CPU
		{E346F339-A021-4461-B5D5-70011E76C47A}.Release|iPhoneSimulator.Build.0 = Release|Any CPU
		{E346F339-A021-4461-B5D5-70011E76C47A}.Release|iPhoneSimulator.Deploy.0 = Release|Any CPU
		{E346F339-A021-4461-B5D5-70011E76C47A}.Release|x64.ActiveCfg = Release|Any CPU
		{E346F339-A021-4461-B5D5-70011E76C47A}.Release|x64.Build.0 = Release|Any CPU
		{E346F339-A021-4461-B5D5-70011E76C47A}.Release|x64.Deploy.0 = Release|Any CPU
		{E346F339-A021-4461-B5D5-70011E76C47A}.Release|x86.ActiveCfg = Release|Any CPU
		{E346F339-A021-4461-B5D5-70011E76C47A}.Release|x86.Build.0 = Release|Any CPU
		{E346F339-A021-4461-B5D5-70011E76C47A}.Release|x86.Deploy.0 = Release|Any CPU
		{B7F5C06C-3B13-4024-8097-A04A1472FAAD}.Ad-Hoc|Any CPU.ActiveCfg = Release|x86
		{B7F5C06C-3B13-4024-8097-A04A1472FAAD}.Ad-Hoc|Any CPU.Build.0 = Release|x86
		{B7F5C06C-3B13-4024-8097-A04A1472FAAD}.Ad-Hoc|Any CPU.Deploy.0 = Release|x86
		{B7F5C06C-3B13-4024-8097-A04A1472FAAD}.Ad-Hoc|ARM.ActiveCfg = Release|ARM
		{B7F5C06C-3B13-4024-8097-A04A1472FAAD}.Ad-Hoc|ARM.Build.0 = Release|ARM
		{B7F5C06C-3B13-4024-8097-A04A1472FAAD}.Ad-Hoc|ARM.Deploy.0 = Release|ARM
		{B7F5C06C-3B13-4024-8097-A04A1472FAAD}.Ad-Hoc|iPhone.ActiveCfg = Release|x86
		{B7F5C06C-3B13-4024-8097-A04A1472FAAD}.Ad-Hoc|iPhone.Build.0 = Release|x86
		{B7F5C06C-3B13-4024-8097-A04A1472FAAD}.Ad-Hoc|iPhone.Deploy.0 = Release|x86
		{B7F5C06C-3B13-4024-8097-A04A1472FAAD}.Ad-Hoc|iPhoneSimulator.ActiveCfg = Release|x86
		{B7F5C06C-3B13-4024-8097-A04A1472FAAD}.Ad-Hoc|iPhoneSimulator.Build.0 = Release|x86
		{B7F5C06C-3B13-4024-8097-A04A1472FAAD}.Ad-Hoc|iPhoneSimulator.Deploy.0 = Release|x86
		{B7F5C06C-3B13-4024-8097-A04A1472FAAD}.Ad-Hoc|x64.ActiveCfg = Release|x64
		{B7F5C06C-3B13-4024-8097-A04A1472FAAD}.Ad-Hoc|x64.Build.0 = Release|x64
		{B7F5C06C-3B13-4024-8097-A04A1472FAAD}.Ad-Hoc|x64.Deploy.0 = Release|x64
		{B7F5C06C-3B13-4024-8097-A04A1472FAAD}.Ad-Hoc|x86.ActiveCfg = Release|x86
		{B7F5C06C-3B13-4024-8097-A04A1472FAAD}.Ad-Hoc|x86.Build.0 = Release|x86
		{B7F5C06C-3B13-4024-8097-A04A1472FAAD}.Ad-Hoc|x86.Deploy.0 = Release|x86
		{B7F5C06C-3B13-4024-8097-A04A1472FAAD}.AppStore|Any CPU.ActiveCfg = Release|x86
		{B7F5C06C-3B13-4024-8097-A04A1472FAAD}.AppStore|Any CPU.Build.0 = Release|x86
		{B7F5C06C-3B13-4024-8097-A04A1472FAAD}.AppStore|Any CPU.Deploy.0 = Release|x86
		{B7F5C06C-3B13-4024-8097-A04A1472FAAD}.AppStore|ARM.ActiveCfg = Release|ARM
		{B7F5C06C-3B13-4024-8097-A04A1472FAAD}.AppStore|ARM.Build.0 = Release|ARM
		{B7F5C06C-3B13-4024-8097-A04A1472FAAD}.AppStore|ARM.Deploy.0 = Release|ARM
		{B7F5C06C-3B13-4024-8097-A04A1472FAAD}.AppStore|iPhone.ActiveCfg = Release|x86
		{B7F5C06C-3B13-4024-8097-A04A1472FAAD}.AppStore|iPhone.Build.0 = Release|x86
		{B7F5C06C-3B13-4024-8097-A04A1472FAAD}.AppStore|iPhone.Deploy.0 = Release|x86
		{B7F5C06C-3B13-4024-8097-A04A1472FAAD}.AppStore|iPhoneSimulator.ActiveCfg = Release|x86
		{B7F5C06C-3B13-4024-8097-A04A1472FAAD}.AppStore|iPhoneSimulator.Build.0 = Release|x86
		{B7F5C06C-3B13-4024-8097-A04A1472FAAD}.AppStore|iPhoneSimulator.Deploy.0 = Release|x86
		{B7F5C06C-3B13-4024-8097-A04A1472FAAD}.AppStore|x64.ActiveCfg = Release|x64
		{B7F5C06C-3B13-4024-8097-A04A1472FAAD}.AppStore|x64.Build.0 = Release|x64
		{B7F5C06C-3B13-4024-8097-A04A1472FAAD}.AppStore|x64.Deploy.0 = Release|x64
		{B7F5C06C-3B13-4024-8097-A04A1472FAAD}.AppStore|x86.ActiveCfg = Release|x86
		{B7F5C06C-3B13-4024-8097-A04A1472FAAD}.AppStore|x86.Build.0 = Release|x86
		{B7F5C06C-3B13-4024-8097-A04A1472FAAD}.AppStore|x86.Deploy.0 = Release|x86
		{B7F5C06C-3B13-4024-8097-A04A1472FAAD}.Debug|Any CPU.ActiveCfg = Debug|x86
		{B7F5C06C-3B13-4024-8097-A04A1472FAAD}.Debug|ARM.ActiveCfg = Debug|ARM
		{B7F5C06C-3B13-4024-8097-A04A1472FAAD}.Debug|ARM.Build.0 = Debug|ARM
		{B7F5C06C-3B13-4024-8097-A04A1472FAAD}.Debug|ARM.Deploy.0 = Debug|ARM
		{B7F5C06C-3B13-4024-8097-A04A1472FAAD}.Debug|iPhone.ActiveCfg = Debug|x86
		{B7F5C06C-3B13-4024-8097-A04A1472FAAD}.Debug|iPhoneSimulator.ActiveCfg = Debug|x86
		{B7F5C06C-3B13-4024-8097-A04A1472FAAD}.Debug|x64.ActiveCfg = Debug|x64
		{B7F5C06C-3B13-4024-8097-A04A1472FAAD}.Debug|x64.Build.0 = Debug|x64
		{B7F5C06C-3B13-4024-8097-A04A1472FAAD}.Debug|x64.Deploy.0 = Debug|x64
		{B7F5C06C-3B13-4024-8097-A04A1472FAAD}.Debug|x86.ActiveCfg = Debug|x86
		{B7F5C06C-3B13-4024-8097-A04A1472FAAD}.Debug|x86.Build.0 = Debug|x86
		{B7F5C06C-3B13-4024-8097-A04A1472FAAD}.Debug|x86.Deploy.0 = Debug|x86
		{B7F5C06C-3B13-4024-8097-A04A1472FAAD}.Release|Any CPU.ActiveCfg = Release|x86
		{B7F5C06C-3B13-4024-8097-A04A1472FAAD}.Release|ARM.ActiveCfg = Release|ARM
		{B7F5C06C-3B13-4024-8097-A04A1472FAAD}.Release|ARM.Build.0 = Release|ARM
		{B7F5C06C-3B13-4024-8097-A04A1472FAAD}.Release|ARM.Deploy.0 = Release|ARM
		{B7F5C06C-3B13-4024-8097-A04A1472FAAD}.Release|iPhone.ActiveCfg = Release|x86
		{B7F5C06C-3B13-4024-8097-A04A1472FAAD}.Release|iPhoneSimulator.ActiveCfg = Release|x86
		{B7F5C06C-3B13-4024-8097-A04A1472FAAD}.Release|x64.ActiveCfg = Release|x64
		{B7F5C06C-3B13-4024-8097-A04A1472FAAD}.Release|x64.Build.0 = Release|x64
		{B7F5C06C-3B13-4024-8097-A04A1472FAAD}.Release|x64.Deploy.0 = Release|x64
		{B7F5C06C-3B13-4024-8097-A04A1472FAAD}.Release|x86.ActiveCfg = Release|x86
		{B7F5C06C-3B13-4024-8097-A04A1472FAAD}.Release|x86.Build.0 = Release|x86
		{B7F5C06C-3B13-4024-8097-A04A1472FAAD}.Release|x86.Deploy.0 = Release|x86
	EndGlobalSection
	GlobalSection(SolutionProperties) = preSolution
		HideSolutionNode = FALSE
	EndGlobalSection
	GlobalSection(ExtensibilityGlobals) = postSolution
		SolutionGuid = {F6D05029-56B8-4E45-AF2D-0E76295DDBA2}
	EndGlobalSection
EndGlobal
